
Microsoft Visual Studio Solution File, Format Version 12.00
# Visual Studio Version 17
VisualStudioVersion = 17.14.36310.24 d17.14
MinimumVisualStudioVersion = 10.0.40219.1
Project("{FAE04EC0-301F-11D3-BF4B-00C04F79EFBC}") = "FUNewsManagementSystem", "FUNewsManagementSystem\FUNewsManagementSystem.csproj", "{7D7BC928-3609-464B-8F3C-279E0A68F02F}"
EndProject
Project("{FAE04EC0-301F-11D3-BF4B-00C04F79EFBC}") = "BusinessObjects", "BusinessObjects\BusinessObjects.csproj", "{C4893E8B-61BC-4C24-92B2-108D267401BB}"
EndProject
Project("{FAE04EC0-301F-11D3-BF4B-00C04F79EFBC}") = "Repository", "Repository\Repository.csproj", "{F0D4D62E-FDC1-4C0A-8697-AE82531FA7C1}"
EndProject
Project("{FAE04EC0-301F-11D3-BF4B-00C04F79EFBC}") = "Service", "Service\Service.csproj", "{C0195DAA-FA18-4EF8-97E3-9A09C6A0501B}"
EndProject
Global
	GlobalSection(SolutionConfigurationPlatforms) = preSolution
		Debug|Any CPU = Debug|Any CPU
		Release|Any CPU = Release|Any CPU
	EndGlobalSection
	GlobalSection(ProjectConfigurationPlatforms) = postSolution
		{7D7BC928-3609-464B-8F3C-279E0A68F02F}.Debug|Any CPU.ActiveCfg = Debug|Any CPU
		{7D7BC928-3609-464B-8F3C-279E0A68F02F}.Debug|Any CPU.Build.0 = Debug|Any CPU
		{7D7BC928-3609-464B-8F3C-279E0A68F02F}.Release|Any CPU.ActiveCfg = Release|Any CPU
		{7D7BC928-3609-464B-8F3C-279E0A68F02F}.Release|Any CPU.Build.0 = Release|Any CPU
		{C4893E8B-61BC-4C24-92B2-108D267401BB}.Debug|Any CPU.ActiveCfg = Debug|Any CPU
		{C4893E8B-61BC-4C24-92B2-108D267401BB}.Debug|Any CPU.Build.0 = Debug|Any CPU
		{C4893E8B-61BC-4C24-92B2-108D267401BB}.Release|Any CPU.ActiveCfg = Release|Any CPU
		{C4893E8B-61BC-4C24-92B2-108D267401BB}.Release|Any CPU.Build.0 = Release|Any CPU
		{F0D4D62E-FDC1-4C0A-8697-AE82531FA7C1}.Debug|Any CPU.ActiveCfg = Debug|Any CPU
		{F0D4D62E-FDC1-4C0A-8697-AE82531FA7C1}.Debug|Any CPU.Build.0 = Debug|Any CPU
		{F0D4D62E-FDC1-4C0A-8697-AE82531FA7C1}.Release|Any CPU.ActiveCfg = Release|Any CPU
		{F0D4D62E-FDC1-4C0A-8697-AE82531FA7C1}.Release|Any CPU.Build.0 = Release|Any CPU
		{C0195DAA-FA18-4EF8-97E3-9A09C6A0501B}.Debug|Any CPU.ActiveCfg = Debug|Any CPU
		{C0195DAA-FA18-4EF8-97E3-9A09C6A0501B}.Debug|Any CPU.Build.0 = Debug|Any CPU
		{C0195DAA-FA18-4EF8-97E3-9A09C6A0501B}.Release|Any CPU.ActiveCfg = Release|Any CPU
		{C0195DAA-FA18-4EF8-97E3-9A09C6A0501B}.Release|Any CPU.Build.0 = Release|Any CPU
	EndGlobalSection
	GlobalSection(SolutionProperties) = preSolution
		HideSolutionNode = FALSE
	EndGlobalSection
	GlobalSection(ExtensibilityGlobals) = postSolution
		SolutionGuid = {01BAD342-D693-457F-B6A5-D16FFE613F24}
	EndGlobalSection
EndGlobal
